
Microsoft Visual Studio Solution File, Format Version 12.00
# Visual Studio 15
VisualStudioVersion = 15.0.27703.2042
MinimumVisualStudioVersion = 10.0.40219.1
Project("{FAE04EC0-301F-11D3-BF4B-00C04F79EFBC}") = "HotelDataProcessingApp", "HotelDataProcessingApp\HotelDataProcessingApp.csproj", "{572900E6-388C-4205-A11C-CFD7238AFF19}"
EndProject
Project("{FAE04EC0-301F-11D3-BF4B-00C04F79EFBC}") = "HotelDataProcessingNunit", "HotelDataProcessingNunit\HotelDataProcessingNunit.csproj", "{4346A76B-15BB-4D74-AE13-83D3466706AD}"
EndProject
Global
	GlobalSection(SolutionConfigurationPlatforms) = preSolution
		Debug|Any CPU = Debug|Any CPU
		Release|Any CPU = Release|Any CPU
	EndGlobalSection
	GlobalSection(ProjectConfigurationPlatforms) = postSolution
		{572900E6-388C-4205-A11C-CFD7238AFF19}.Debug|Any CPU.ActiveCfg = Debug|Any CPU
		{572900E6-388C-4205-A11C-CFD7238AFF19}.Debug|Any CPU.Build.0 = Debug|Any CPU
		{572900E6-388C-4205-A11C-CFD7238AFF19}.Release|Any CPU.ActiveCfg = Release|Any CPU
		{572900E6-388C-4205-A11C-CFD7238AFF19}.Release|Any CPU.Build.0 = Release|Any CPU
		{4346A76B-15BB-4D74-AE13-83D3466706AD}.Debug|Any CPU.ActiveCfg = Debug|Any CPU
		{4346A76B-15BB-4D74-AE13-83D3466706AD}.Debug|Any CPU.Build.0 = Debug|Any CPU
		{4346A76B-15BB-4D74-AE13-83D3466706AD}.Release|Any CPU.ActiveCfg = Release|Any CPU
		{4346A76B-15BB-4D74-AE13-83D3466706AD}.Release|Any CPU.Build.0 = Release|Any CPU
	EndGlobalSection
	GlobalSection(SolutionProperties) = preSolution
		HideSolutionNode = FALSE
	EndGlobalSection
	GlobalSection(ExtensibilityGlobals) = postSolution
		SolutionGuid = {B32D7436-B777-4F28-8B08-D7230795B558}
	EndGlobalSection
EndGlobal
